# THIS IS AN AUTOGENERATED FILE. DO NOT EDIT THIS FILE DIRECTLY.
# yarn lockfile v1


stimulus-read-more@^3.0.0:
  version "3.0.0"
  resolved "https://registry.yarnpkg.com/stimulus-read-more/-/stimulus-read-more-3.0.0.tgz#fc39394b58ee6981ee5e3236972939a0043cfe36"
  integrity sha512-g2Xxyn6MlxpljhBNsq1aGRnSs/Mc+DtFmJ2hJ2HNuycG8PYfuLojKesfX8Qj+LgYrVu0WwkGC0KAbwgfzmc0PA==
